// !$*UTF8*$!
{
	archiveVersion = 1;
	classes = {
	};
	objectVersion = 77;
	objects = {

/* Begin PBXBuildFile section */
		C0D3F0012F71000000000001 /* FocusLiveActivityExtension.appex in Embed App Extensions */ = {isa = PBXBuildFile; fileRef = C0D3F0022F71000000000002 /* FocusLiveActivityExtension.appex */; settings = {ATTRIBUTES = (CodeSignOnCopy, RemoveHeadersOnCopy, ); }; };
/* End PBXBuildFile section */

/* Begin PBXContainerItemProxy section */
		9F95B4782F6F5B4D0023BF95 /* PBXContainerItemProxy */ = {
			isa = PBXContainerItemProxy;
			containerPortal = 9F95B4592F6F5B4B0023BF95 /* Project object */;
			proxyType = 1;
			remoteGlobalIDString = 9F95B4602F6F5B4B0023BF95;
			remoteInfo = lifeisgame;
		};
		9F95B4822F6F5B4D0023BF95 /* PBXContainerItemProxy */ = {
			isa = PBXContainerItemProxy;
			containerPortal = 9F95B4592F6F5B4B0023BF95 /* Project object */;
			proxyType = 1;
			remoteGlobalIDString = 9F95B4602F6F5B4B0023BF95;
			remoteInfo = lifeisgame;
		};
		C0D3F00C2F7100000000000C /* PBXContainerItemProxy */ = {
			isa = PBXContainerItemProxy;
			containerPortal = 9F95B4592F6F5B4B0023BF95 /* Project object */;
			proxyType = 1;
			remoteGlobalIDString = C0D3F0072F71000000000007;
			remoteInfo = FocusLiveActivityExtension;
		};
/* End PBXContainerItemProxy section */

/* Begin PBXCopyFilesBuildPhase section */
		C0D3F00B2F7100000000000B /* Embed App Extensions */ = {
			isa = PBXCopyFilesBuildPhase;
			buildActionMask = 2147483647;
			dstPath = "";
			dstSubfolderSpec = 13;
			files = (
				C0D3F0012F71000000000001 /* FocusLiveActivityExtension.appex in Embed App Extensions */,
			);
			name = "Embed App Extensions";
			runOnlyForDeploymentPostprocessing = 0;
		};
/* End PBXCopyFilesBuildPhase section */

/* Begin PBXFileReference section */
		9F95B4612F6F5B4B0023BF95 /* lifeisgame.app */ = {isa = PBXFileReference; explicitFileType = wrapper.application; includeInIndex = 0; path = lifeisgame.app; sourceTree = BUILT_PRODUCTS_DIR; };
		9F95B4772F6F5B4D0023BF95 /* lifeisgameTests.xctest */ = {isa = PBXFileReference; explicitFileType = wrapper.cfbundle; includeInIndex = 0; path = lifeisgameTests.xctest; sourceTree = BUILT_PRODUCTS_DIR; };
		9F95B4812F6F5B4D0023BF95 /* lifeisgameUITests.xctest */ = {isa = PBXFileReference; explicitFileType = wrapper.cfbundle; includeInIndex = 0; path = lifeisgameUITests.xctest; sourceTree = BUILT_PRODUCTS_DIR; };
		C0D3F0022F71000000000002 /* FocusLiveActivityExtension.appex */ = {isa = PBXFileReference; explicitFileType = "wrapper.app-extension"; includeInIndex = 0; path = FocusLiveActivityExtension.appex; sourceTree = BUILT_PRODUCTS_DIR; };
/* End PBXFileReference section */

/* Begin PBXFileSystemSynchronizedBuildFileExceptionSet section */
		9F95B4892F6F5B4D0023BF95 /* Exceptions for "lifeisgame" folder in "lifeisgame" target */ = {
			isa = PBXFileSystemSynchronizedBuildFileExceptionSet;
			membershipExceptions = (
				App/Config/Info.plist,
			);
			target = 9F95B4602F6F5B4B0023BF95 /* lifeisgame */;
		};
		C0D3F00E2F7100000000000E /* Exceptions for "FocusLiveActivityExtension" folder in "FocusLiveActivityExtension" target */ = {
			isa = PBXFileSystemSynchronizedBuildFileExceptionSet;
			membershipExceptions = (
				Resources/Info.plist,
			);
			target = C0D3F0072F71000000000007 /* FocusLiveActivityExtension */;
		};
/* End PBXFileSystemSynchronizedBuildFileExceptionSet section */

/* Begin PBXFileSystemSynchronizedRootGroup section */
		9F95B4632F6F5B4B0023BF95 /* lifeisgame */ = {
			isa = PBXFileSystemSynchronizedRootGroup;
			exceptions = (
				9F95B4892F6F5B4D0023BF95 /* Exceptions for "lifeisgame" folder in "lifeisgame" target */,
			);
			path = lifeisgame;
			sourceTree = "<group>";
		};
		9F95B47A2F6F5B4D0023BF95 /* lifeisgameTests */ = {
			isa = PBXFileSystemSynchronizedRootGroup;
			path = lifeisgameTests;
			sourceTree = "<group>";
		};
		9F95B4842F6F5B4D0023BF95 /* lifeisgameUITests */ = {
			isa = PBXFileSystemSynchronizedRootGroup;
			path = lifeisgameUITests;
			sourceTree = "<group>";
		};
		C0D3F0032F71000000000003 /* FocusLiveActivityExtension */ = {
			isa = PBXFileSystemSynchronizedRootGroup;
			exceptions = (
				C0D3F00E2F7100000000000E /* Exceptions for "FocusLiveActivityExtension" folder in "FocusLiveActivityExtension" target */,
			);
			path = FocusLiveActivityExtension;
			sourceTree = "<group>";
		};
/* End PBXFileSystemSynchronizedRootGroup section */

/* Begin PBXFrameworksBuildPhase section */
		9F95B45E2F6F5B4B0023BF95 /* Frameworks */ = {
			isa = PBXFrameworksBuildPhase;
			buildActionMask = 2147483647;
			files = (
			);
			runOnlyForDeploymentPostprocessing = 0;
		};
		9F95B4742F6F5B4D0023BF95 /* Frameworks */ = {
			isa = PBXFrameworksBuildPhase;
			buildActionMask = 2147483647;
			files = (
			);
			runOnlyForDeploymentPostprocessing = 0;
		};
		9F95B47E2F6F5B4D0023BF95 /* Frameworks */ = {
			isa = PBXFrameworksBuildPhase;
			buildActionMask = 2147483647;
			files = (
			);
			runOnlyForDeploymentPostprocessing = 0;
		};
		C0D3F0052F71000000000005 /* Frameworks */ = {
			isa = PBXFrameworksBuildPhase;
			buildActionMask = 2147483647;
			files = (
			);
			runOnlyForDeploymentPostprocessing = 0;
		};
/* End PBXFrameworksBuildPhase section */

/* Begin PBXGroup section */
		9F95B4582F6F5B4B0023BF95 = {
			isa = PBXGroup;
			children = (
				9F95B4632F6F5B4B0023BF95 /* lifeisgame */,
				C0D3F0032F71000000000003 /* FocusLiveActivityExtension */,
				9F95B47A2F6F5B4D0023BF95 /* lifeisgameTests */,
				9F95B4842F6F5B4D0023BF95 /* lifeisgameUITests */,
				9F95B4622F6F5B4B0023BF95 /* Products */,
			);
			sourceTree = "<group>";
		};
		9F95B4622F6F5B4B0023BF95 /* Products */ = {
			isa = PBXGroup;
			children = (
				9F95B4612F6F5B4B0023BF95 /* lifeisgame.app */,
				C0D3F0022F71000000000002 /* FocusLiveActivityExtension.appex */,
				9F95B4772F6F5B4D0023BF95 /* lifeisgameTests.xctest */,
				9F95B4812F6F5B4D0023BF95 /* lifeisgameUITests.xctest */,
			);
			name = Products;
			sourceTree = "<group>";
		};
/* End PBXGroup section */

/* Begin PBXNativeTarget section */
		9F95B4602F6F5B4B0023BF95 /* lifeisgame */ = {
			isa = PBXNativeTarget;
			buildConfigurationList = 9F95B48A2F6F5B4D0023BF95 /* Build configuration list for PBXNativeTarget "lifeisgame" */;
			buildPhases = (
				9F95B45D2F6F5B4B0023BF95 /* Sources */,
				C0D4F0012F72000000000001 /* SwiftLint */,
				9F95B45E2F6F5B4B0023BF95 /* Frameworks */,
				9F95B45F2F6F5B4B0023BF95 /* Resources */,
				C0D3F00B2F7100000000000B /* Embed App Extensions */,
			);
			buildRules = (
			);
			dependencies = (
				C0D3F00D2F7100000000000D /* PBXTargetDependency */,
			);
			fileSystemSynchronizedGroups = (
				9F95B4632F6F5B4B0023BF95 /* lifeisgame */,
			);
			name = lifeisgame;
			packageProductDependencies = (
			);
			productName = lifeisgame;
			productReference = 9F95B4612F6F5B4B0023BF95 /* lifeisgame.app */;
			productType = "com.apple.product-type.application";
		};
		9F95B4762F6F5B4D0023BF95 /* lifeisgameTests */ = {
			isa = PBXNativeTarget;
			buildConfigurationList = 9F95B48F2F6F5B4D0023BF95 /* Build configuration list for PBXNativeTarget "lifeisgameTests" */;
			buildPhases = (
				9F95B4732F6F5B4D0023BF95 /* Sources */,
				9F95B4742F6F5B4D0023BF95 /* Frameworks */,
				9F95B4752F6F5B4D0023BF95 /* Resources */,
			);
			buildRules = (
			);
			dependencies = (
				9F95B4792F6F5B4D0023BF95 /* PBXTargetDependency */,
			);
			fileSystemSynchronizedGroups = (
				9F95B47A2F6F5B4D0023BF95 /* lifeisgameTests */,
			);
			name = lifeisgameTests;
			packageProductDependencies = (
			);
			productName = lifeisgameTests;
			productReference = 9F95B4772F6F5B4D0023BF95 /* lifeisgameTests.xctest */;
			productType = "com.apple.product-type.bundle.unit-test";
		};
		9F95B4802F6F5B4D0023BF95 /* lifeisgameUITests */ = {
			isa = PBXNativeTarget;
			buildConfigurationList = 9F95B4922F6F5B4D0023BF95 /* Build configuration list for PBXNativeTarget "lifeisgameUITests" */;
			buildPhases = (
				9F95B47D2F6F5B4D0023BF95 /* Sources */,
				9F95B47E2F6F5B4D0023BF95 /* Frameworks */,
				9F95B47F2F6F5B4D0023BF95 /* Resources */,
			);
			buildRules = (
			);
			dependencies = (
				9F95B4832F6F5B4D0023BF95 /* PBXTargetDependency */,
			);
			fileSystemSynchronizedGroups = (
				9F95B4842F6F5B4D0023BF95 /* lifeisgameUITests */,
			);
			name = lifeisgameUITests;
			packageProductDependencies = (
			);
			productName = lifeisgameUITests;
			productReference = 9F95B4812F6F5B4D0023BF95 /* lifeisgameUITests.xctest */;
			productType = "com.apple.product-type.bundle.ui-testing";
		};
		C0D3F0072F71000000000007 /* FocusLiveActivityExtension */ = {
			isa = PBXNativeTarget;
			buildConfigurationList = C0D3F0082F71000000000008 /* Build configuration list for PBXNativeTarget "FocusLiveActivityExtension" */;
			buildPhases = (
				C0D3F0042F71000000000004 /* Sources */,
				C0D3F0052F71000000000005 /* Frameworks */,
				C0D3F0062F71000000000006 /* Resources */,
			);
			buildRules = (
			);
			dependencies = (
			);
			fileSystemSynchronizedGroups = (
				C0D3F0032F71000000000003 /* FocusLiveActivityExtension */,
			);
			name = FocusLiveActivityExtension;
			packageProductDependencies = (
			);
			productName = FocusLiveActivityExtension;
			productReference = C0D3F0022F71000000000002 /* FocusLiveActivityExtension.appex */;
			productType = "com.apple.product-type.app-extension";
		};
/* End PBXNativeTarget section */

/* Begin PBXProject section */
		9F95B4592F6F5B4B0023BF95 /* Project object */ = {
			isa = PBXProject;
			attributes = {
				BuildIndependentTargetsInParallel = 1;
				LastSwiftUpdateCheck = 2620;
				LastUpgradeCheck = 2620;
				TargetAttributes = {
					9F95B4602F6F5B4B0023BF95 = {
						CreatedOnToolsVersion = 26.2;
					};
					9F95B4762F6F5B4D0023BF95 = {
						CreatedOnToolsVersion = 26.2;
						TestTargetID = 9F95B4602F6F5B4B0023BF95;
					};
					9F95B4802F6F5B4D0023BF95 = {
						CreatedOnToolsVersion = 26.2;
						TestTargetID = 9F95B4602F6F5B4B0023BF95;
					};
					C0D3F0072F71000000000007 = {
						CreatedOnToolsVersion = 26.2;
					};
				};
			};
			buildConfigurationList = 9F95B45C2F6F5B4B0023BF95 /* Build configuration list for PBXProject "lifeisgame" */;
			developmentRegion = en;
			hasScannedForEncodings = 0;
			knownRegions = (
				en,
				Base,
			);
			mainGroup = 9F95B4582F6F5B4B0023BF95;
			minimizedProjectReferenceProxies = 1;
			preferredProjectObjectVersion = 77;
			productRefGroup = 9F95B4622F6F5B4B0023BF95 /* Products */;
			projectDirPath = "";
			projectRoot = "";
			targets = (
				9F95B4602F6F5B4B0023BF95 /* lifeisgame */,
				C0D3F0072F71000000000007 /* FocusLiveActivityExtension */,
				9F95B4762F6F5B4D0023BF95 /* lifeisgameTests */,
				9F95B4802F6F5B4D0023BF95 /* lifeisgameUITests */,
			);
		};
/* End PBXProject section */

/* Begin PBXResourcesBuildPhase section */
		9F95B45F2F6F5B4B0023BF95 /* Resources */ = {
			isa = PBXResourcesBuildPhase;
			buildActionMask = 2147483647;
			files = (
			);
			runOnlyForDeploymentPostprocessing = 0;
		};
		9F95B4752F6F5B4D0023BF95 /* Resources */ = {
			isa = PBXResourcesBuildPhase;
			buildActionMask = 2147483647;
			files = (
			);
			runOnlyForDeploymentPostprocessing = 0;
		};
		9F95B47F2F6F5B4D0023BF95 /* Resources */ = {
			isa = PBXResourcesBuildPhase;
			buildActionMask = 2147483647;
			files = (
			);
			runOnlyForDeploymentPostprocessing = 0;
		};
		C0D3F0062F71000000000006 /* Resources */ = {
			isa = PBXResourcesBuildPhase;
			buildActionMask = 2147483647;
			files = (
			);
			runOnlyForDeploymentPostprocessing = 0;
		};
/* End PBXResourcesBuildPhase section */

/* Begin PBXShellScriptBuildPhase section */
		C0D4F0012F72000000000001 /* SwiftLint */ = {
			isa = PBXShellScriptBuildPhase;
			alwaysOutOfDate = 1;
			buildActionMask = 2147483647;
			files = (
			);
			inputFileListPaths = (
			);
			inputPaths = (
			);
			name = SwiftLint;
			outputFileListPaths = (
			);
			outputPaths = (
			);
			runOnlyForDeploymentPostprocessing = 0;
			shellPath = /bin/sh;
			shellScript = "if command -v swiftlint >/dev/null 2>&1; then\n    swiftlint lint --config \"${SRCROOT}/swiftlintconfiguration.yml\" --cache-path \"${DERIVED_FILE_DIR}/SwiftLintCache\" --quiet\nelse\n    echo \"warning: SwiftLint not installed. Install from https://github.com/realm/SwiftLint\"\nfi\n";
		};
/* End PBXShellScriptBuildPhase section */

/* Begin PBXSourcesBuildPhase section */
		9F95B45D2F6F5B4B0023BF95 /* Sources */ = {
			isa = PBXSourcesBuildPhase;
			buildActionMask = 2147483647;
			files = (
			);
			runOnlyForDeploymentPostprocessing = 0;
		};
		9F95B4732F6F5B4D0023BF95 /* Sources */ = {
			isa = PBXSourcesBuildPhase;
			buildActionMask = 2147483647;
			files = (
			);
			runOnlyForDeploymentPostprocessing = 0;
		};
		9F95B47D2F6F5B4D0023BF95 /* Sources */ = {
			isa = PBXSourcesBuildPhase;
			buildActionMask = 2147483647;
			files = (
			);
			runOnlyForDeploymentPostprocessing = 0;
		};
		C0D3F0042F71000000000004 /* Sources */ = {
			isa = PBXSourcesBuildPhase;
			buildActionMask = 2147483647;
			files = (
			);
			runOnlyForDeploymentPostprocessing = 0;
		};
/* End PBXSourcesBuildPhase section */

/* Begin PBXTargetDependency section */
		9F95B4792F6F5B4D0023BF95 /* PBXTargetDependency */ = {
			isa = PBXTargetDependency;
			target = 9F95B4602F6F5B4B0023BF95 /* lifeisgame */;
			targetProxy = 9F95B4782F6F5B4D0023BF95 /* PBXContainerItemProxy */;
		};
		9F95B4832F6F5B4D0023BF95 /* PBXTargetDependency */ = {
			isa = PBXTargetDependency;
			target = 9F95B4602F6F5B4B0023BF95 /* lifeisgame */;
			targetProxy = 9F95B4822F6F5B4D0023BF95 /* PBXContainerItemProxy */;
		};
		C0D3F00D2F7100000000000D /* PBXTargetDependency */ = {
			isa = PBXTargetDependency;
			target = C0D3F0072F71000000000007 /* FocusLiveActivityExtension */;
			targetProxy = C0D3F00C2F7100000000000C /* PBXContainerItemProxy */;
		};
/* End PBXTargetDependency section */

/* Begin XCBuildConfiguration section */
		9F95B48B2F6F5B4D0023BF95 /* Debug */ = {
			isa = XCBuildConfiguration;
			buildSettings = {
				ASSETCATALOG_COMPILER_APPICON_NAME = AppIcon;
				ASSETCATALOG_COMPILER_GLOBAL_ACCENT_COLOR_NAME = AccentColor;
				CODE_SIGN_STYLE = Automatic;
				CURRENT_PROJECT_VERSION = 1;
				DEVELOPMENT_TEAM = TDMHGP7XAD;
				GENERATE_INFOPLIST_FILE = YES;
				INFOPLIST_FILE = lifeisgame/App/Config/Info.plist;
				INFOPLIST_KEY_CFBundleDisplayName = Luma;
				INFOPLIST_KEY_LSApplicationCategoryType = "public.app-category.education";
				INFOPLIST_KEY_NSCalendarsFullAccessUsageDescription = "Для отображения ваших событий в календаре задач";
				INFOPLIST_KEY_NSCalendarsUsageDescription = "Для отображения ваших событий в календаре задач";
				INFOPLIST_KEY_NSFaceIDUsageDescription = "Для входа в аккаунт через Face ID";
				INFOPLIST_KEY_UIApplicationSupportsIndirectInputEvents = YES;
				INFOPLIST_KEY_UILaunchStoryboardName = LaunchScreen;
				INFOPLIST_KEY_UISupportedInterfaceOrientations_iPad = "UIInterfaceOrientationPortrait UIInterfaceOrientationPortraitUpsideDown UIInterfaceOrientationLandscapeLeft UIInterfaceOrientationLandscapeRight";
				INFOPLIST_KEY_UISupportedInterfaceOrientations_iPhone = "UIInterfaceOrientationPortrait UIInterfaceOrientationLandscapeLeft UIInterfaceOrientationLandscapeRight";
				INFOPLIST_KEY_UIUserInterfaceStyle = Light;
				LD_RUNPATH_SEARCH_PATHS = (
					"$(inherited)",
					"@executable_path/Frameworks",
				);
				MARKETING_VERSION = 1.0;
				PRODUCT_BUNDLE_IDENTIFIER = com.Gleb.lifeisgame;
				PRODUCT_NAME = "$(TARGET_NAME)";
				STRING_CATALOG_GENERATE_SYMBOLS = YES;
				SWIFT_APPROACHABLE_CONCURRENCY = YES;
				SWIFT_DEFAULT_ACTOR_ISOLATION = MainActor;
				SWIFT_EMIT_LOC_STRINGS = YES;
				SWIFT_UPCOMING_FEATURE_MEMBER_IMPORT_VISIBILITY = YES;
				SWIFT_VERSION = 5.0;
				TARGETED_DEVICE_FAMILY = "1,2";
			};
			name = Debug;
		};
		9F95B48C2F6F5B4D0023BF95 /* Release */ = {
			isa = XCBuildConfiguration;
			buildSettings = {
				ASSETCATALOG_COMPILER_APPICON_NAME = AppIcon;
				ASSETCATALOG_COMPILER_GLOBAL_ACCENT_COLOR_NAME = AccentColor;
				CODE_SIGN_STYLE = Automatic;
				CURRENT_PROJECT_VERSION = 1;
				DEVELOPMENT_TEAM = TDMHGP7XAD;
				GENERATE_INFOPLIST_FILE = YES;
				INFOPLIST_FILE = lifeisgame/App/Config/Info.plist;
				INFOPLIST_KEY_CFBundleDisplayName = Luma;
				INFOPLIST_KEY_LSApplicationCategoryType = "public.app-category.education";
				INFOPLIST_KEY_NSCalendarsFullAccessUsageDescription = "Для отображения ваших событий в календаре задач";
				INFOPLIST_KEY_NSCalendarsUsageDescription = "Для отображения ваших событий в календаре задач";
				INFOPLIST_KEY_NSFaceIDUsageDescription = "Для входа в аккаунт через Face ID";
				INFOPLIST_KEY_UIApplicationSupportsIndirectInputEvents = YES;
				INFOPLIST_KEY_UILaunchStoryboardName = LaunchScreen;
				INFOPLIST_KEY_UISupportedInterfaceOrientations_iPad = "UIInterfaceOrientationPortrait UIInterfaceOrientationPortraitUpsideDown UIInterfaceOrientationLandscapeLeft UIInterfaceOrientationLandscapeRight";
				INFOPLIST_KEY_UISupportedInterfaceOrientations_iPhone = "UIInterfaceOrientationPortrait UIInterfaceOrientationLandscapeLeft UIInterfaceOrientationLandscapeRight";
				INFOPLIST_KEY_UIUserInterfaceStyle = Light;
				LD_RUNPATH_SEARCH_PATHS = (
					"$(inherited)",
					"@executable_path/Frameworks",
				);
				MARKETING_VERSION = 1.0;
				PRODUCT_BUNDLE_IDENTIFIER = com.Gleb.lifeisgame;
				PRODUCT_NAME = "$(TARGET_NAME)";
				STRING_CATALOG_GENERATE_SYMBOLS = YES;
				SWIFT_APPROACHABLE_CONCURRENCY = YES;
				SWIFT_DEFAULT_ACTOR_ISOLATION = MainActor;
				SWIFT_EMIT_LOC_STRINGS = YES;
				SWIFT_UPCOMING_FEATURE_MEMBER_IMPORT_VISIBILITY = YES;
				SWIFT_VERSION = 5.0;
				TARGETED_DEVICE_FAMILY = "1,2";
			};
			name = Release;
		};
		9F95B48D2F6F5B4D0023BF95 /* Debug */ = {
			isa = XCBuildConfiguration;
			buildSettings = {
				ALWAYS_SEARCH_USER_PATHS = NO;
				ASSETCATALOG_COMPILER_GENERATE_SWIFT_ASSET_SYMBOL_EXTENSIONS = YES;
				CLANG_ANALYZER_NONNULL = YES;
				CLANG_ANALYZER_NUMBER_OBJECT_CONVERSION = YES_AGGRESSIVE;
				CLANG_CXX_LANGUAGE_STANDARD = "gnu++20";
				CLANG_ENABLE_MODULES = YES;
				CLANG_ENABLE_OBJC_ARC = YES;
				CLANG_ENABLE_OBJC_WEAK = YES;
				CLANG_WARN_BLOCK_CAPTURE_AUTORELEASING = YES;
				CLANG_WARN_BOOL_CONVERSION = YES;
				CLANG_WARN_COMMA = YES;
				CLANG_WARN_CONSTANT_CONVERSION = YES;
				CLANG_WARN_DEPRECATED_OBJC_IMPLEMENTATIONS = YES;
				CLANG_WARN_DIRECT_OBJC_ISA_USAGE = YES_ERROR;
				CLANG_WARN_DOCUMENTATION_COMMENTS = YES;
				CLANG_WARN_EMPTY_BODY = YES;
				CLANG_WARN_ENUM_CONVERSION = YES;
				CLANG_WARN_INFINITE_RECURSION = YES;
				CLANG_WARN_INT_CONVERSION = YES;
				CLANG_WARN_NON_LITERAL_NULL_CONVERSION = YES;
				CLANG_WARN_OBJC_IMPLICIT_RETAIN_SELF = YES;
				CLANG_WARN_OBJC_LITERAL_CONVERSION = YES;
				CLANG_WARN_OBJC_ROOT_CLASS = YES_ERROR;
				CLANG_WARN_QUOTED_INCLUDE_IN_FRAMEWORK_HEADER = YES;
				CLANG_WARN_RANGE_LOOP_ANALYSIS = YES;
				CLANG_WARN_STRICT_PROTOTYPES = YES;
				CLANG_WARN_SUSPICIOUS_MOVE = YES;
				CLANG_WARN_UNGUARDED_AVAILABILITY = YES_AGGRESSIVE;
				CLANG_WARN_UNREACHABLE_CODE = YES;
				CLANG_WARN__DUPLICATE_METHOD_MATCH = YES;
				COPY_PHASE_STRIP = NO;
				DEBUG_INFORMATION_FORMAT = dwarf;
				DEVELOPMENT_TEAM = TDMHGP7XAD;
				ENABLE_STRICT_OBJC_MSGSEND = YES;
				ENABLE_TESTABILITY = YES;
				ENABLE_USER_SCRIPT_SANDBOXING = YES;
				GCC_C_LANGUAGE_STANDARD = gnu17;
				GCC_DYNAMIC_NO_PIC = NO;
				GCC_NO_COMMON_BLOCKS = YES;
				GCC_OPTIMIZATION_LEVEL = 0;
				GCC_PREPROCESSOR_DEFINITIONS = (
					"DEBUG=1",
					"$(inherited)",
				);
				GCC_WARN_64_TO_32_BIT_CONVERSION = YES;
				GCC_WARN_ABOUT_RETURN_TYPE = YES_ERROR;
				GCC_WARN_UNDECLARED_SELECTOR = YES;
				GCC_WARN_UNINITIALIZED_AUTOS = YES_AGGRESSIVE;
				GCC_WARN_UNUSED_FUNCTION = YES;
				GCC_WARN_UNUSED_VARIABLE = YES;
				IPHONEOS_DEPLOYMENT_TARGET = 26.2;
				LOCALIZATION_PREFERS_STRING_CATALOGS = YES;
				MTL_ENABLE_DEBUG_INFO = INCLUDE_SOURCE;
				MTL_FAST_MATH = YES;
				ONLY_ACTIVE_ARCH = YES;
				SDKROOT = iphoneos;
				SWIFT_ACTIVE_COMPILATION_CONDITIONS = "DEBUG $(inherited)";
				SWIFT_OPTIMIZATION_LEVEL = "-Onone";
			};
			name = Debug;
		};
		9F95B48E2F6F5B4D0023BF95 /* Release */ = {
			isa = XCBuildConfiguration;
			buildSettings = {
				ALWAYS_SEARCH_USER_PATHS = NO;
				ASSETCATALOG_COMPILER_GENERATE_SWIFT_ASSET_SYMBOL_EXTENSIONS = YES;
				CLANG_ANALYZER_NONNULL = YES;
				CLANG_ANALYZER_NUMBER_OBJECT_CONVERSION = YES_AGGRESSIVE;
				CLANG_CXX_LANGUAGE_STANDARD = "gnu++20";
				CLANG_ENABLE_MODULES = YES;
				CLANG_ENABLE_OBJC_ARC = YES;
				CLANG_ENABLE_OBJC_WEAK = YES;
				CLANG_WARN_BLOCK_CAPTURE_AUTORELEASING = YES;
				CLANG_WARN_BOOL_CONVERSION = YES;
				CLANG_WARN_COMMA = YES;
				CLANG_WARN_CONSTANT_CONVERSION = YES;
				CLANG_WARN_DEPRECATED_OBJC_IMPLEMENTATIONS = YES;
				CLANG_WARN_DIRECT_OBJC_ISA_USAGE = YES_ERROR;
				CLANG_WARN_DOCUMENTATION_COMMENTS = YES;
				CLANG_WARN_EMPTY_BODY = YES;
				CLANG_WARN_ENUM_CONVERSION = YES;
				CLANG_WARN_INFINITE_RECURSION = YES;
				CLANG_WARN_INT_CONVERSION = YES;
				CLANG_WARN_NON_LITERAL_NULL_CONVERSION = YES;
				CLANG_WARN_OBJC_IMPLICIT_RETAIN_SELF = YES;
				CLANG_WARN_OBJC_LITERAL_CONVERSION = YES;
				CLANG_WARN_OBJC_ROOT_CLASS = YES_ERROR;
				CLANG_WARN_QUOTED_INCLUDE_IN_FRAMEWORK_HEADER = YES;
				CLANG_WARN_RANGE_LOOP_ANALYSIS = YES;
				CLANG_WARN_STRICT_PROTOTYPES = YES;
				CLANG_WARN_SUSPICIOUS_MOVE = YES;
				CLANG_WARN_UNGUARDED_AVAILABILITY = YES_AGGRESSIVE;
				CLANG_WARN_UNREACHABLE_CODE = YES;
				CLANG_WARN__DUPLICATE_METHOD_MATCH = YES;
				COPY_PHASE_STRIP = NO;
				DEBUG_INFORMATION_FORMAT = "dwarf-with-dsym";
				DEVELOPMENT_TEAM = TDMHGP7XAD;
				ENABLE_NS_ASSERTIONS = NO;
				ENABLE_STRICT_OBJC_MSGSEND = YES;
				ENABLE_USER_SCRIPT_SANDBOXING = YES;
				GCC_C_LANGUAGE_STANDARD = gnu17;
				GCC_NO_COMMON_BLOCKS = YES;
				GCC_WARN_64_TO_32_BIT_CONVERSION = YES;
				GCC_WARN_ABOUT_RETURN_TYPE = YES_ERROR;
				GCC_WARN_UNDECLARED_SELECTOR = YES;
				GCC_WARN_UNINITIALIZED_AUTOS = YES_AGGRESSIVE;
				GCC_WARN_UNUSED_FUNCTION = YES;
				GCC_WARN_UNUSED_VARIABLE = YES;
				IPHONEOS_DEPLOYMENT_TARGET = 26.2;
				LOCALIZATION_PREFERS_STRING_CATALOGS = YES;
				MTL_ENABLE_DEBUG_INFO = NO;
				MTL_FAST_MATH = YES;
				SDKROOT = iphoneos;
				SWIFT_COMPILATION_MODE = wholemodule;
				VALIDATE_PRODUCT = YES;
			};
			name = Release;
		};
		9F95B4902F6F5B4D0023BF95 /* Debug */ = {
			isa = XCBuildConfiguration;
			buildSettings = {
				BUNDLE_LOADER = "$(TEST_HOST)";
				CODE_SIGN_STYLE = Automatic;
				CURRENT_PROJECT_VERSION = 1;
				DEVELOPMENT_TEAM = TDMHGP7XAD;
				GENERATE_INFOPLIST_FILE = YES;
				IPHONEOS_DEPLOYMENT_TARGET = 26.2;
				MARKETING_VERSION = 1.0;
				PRODUCT_BUNDLE_IDENTIFIER = com.Gleb.lifeisgameTests;
				PRODUCT_NAME = "$(TARGET_NAME)";
				STRING_CATALOG_GENERATE_SYMBOLS = NO;
				SWIFT_APPROACHABLE_CONCURRENCY = YES;
				SWIFT_EMIT_LOC_STRINGS = NO;
				SWIFT_UPCOMING_FEATURE_MEMBER_IMPORT_VISIBILITY = YES;
				SWIFT_VERSION = 5.0;
				TARGETED_DEVICE_FAMILY = "1,2";
				TEST_HOST = "$(BUILT_PRODUCTS_DIR)/lifeisgame.app/$(BUNDLE_EXECUTABLE_FOLDER_PATH)/lifeisgame";
			};
			name = Debug;
		};
		9F95B4912F6F5B4D0023BF95 /* Release */ = {
			isa = XCBuildConfiguration;
			buildSettings = {
				BUNDLE_LOADER = "$(TEST_HOST)";
				CODE_SIGN_STYLE = Automatic;
				CURRENT_PROJECT_VERSION = 1;
				DEVELOPMENT_TEAM = TDMHGP7XAD;
				GENERATE_INFOPLIST_FILE = YES;
				IPHONEOS_DEPLOYMENT_TARGET = 26.2;
				MARKETING_VERSION = 1.0;
				PRODUCT_BUNDLE_IDENTIFIER = com.Gleb.lifeisgameTests;
				PRODUCT_NAME = "$(TARGET_NAME)";
				STRING_CATALOG_GENERATE_SYMBOLS = NO;
				SWIFT_APPROACHABLE_CONCURRENCY = YES;
				SWIFT_EMIT_LOC_STRINGS = NO;
				SWIFT_UPCOMING_FEATURE_MEMBER_IMPORT_VISIBILITY = YES;
				SWIFT_VERSION = 5.0;
				TARGETED_DEVICE_FAMILY = "1,2";
				TEST_HOST = "$(BUILT_PRODUCTS_DIR)/lifeisgame.app/$(BUNDLE_EXECUTABLE_FOLDER_PATH)/lifeisgame";
			};
			name = Release;
		};
		9F95B4932F6F5B4D0023BF95 /* Debug */ = {
			isa = XCBuildConfiguration;
			buildSettings = {
				CODE_SIGN_STYLE = Automatic;
				CURRENT_PROJECT_VERSION = 1;
				DEVELOPMENT_TEAM = TDMHGP7XAD;
				GENERATE_INFOPLIST_FILE = YES;
				MARKETING_VERSION = 1.0;
				PRODUCT_BUNDLE_IDENTIFIER = com.Gleb.lifeisgameUITests;
				PRODUCT_NAME = "$(TARGET_NAME)";
				STRING_CATALOG_GENERATE_SYMBOLS = NO;
				SWIFT_APPROACHABLE_CONCURRENCY = YES;
				SWIFT_EMIT_LOC_STRINGS = NO;
				SWIFT_UPCOMING_FEATURE_MEMBER_IMPORT_VISIBILITY = YES;
				SWIFT_VERSION = 5.0;
				TARGETED_DEVICE_FAMILY = "1,2";
				TEST_TARGET_NAME = lifeisgame;
			};
			name = Debug;
		};
		9F95B4942F6F5B4D0023BF95 /* Release */ = {
			isa = XCBuildConfiguration;
			buildSettings = {
				CODE_SIGN_STYLE = Automatic;
				CURRENT_PROJECT_VERSION = 1;
				DEVELOPMENT_TEAM = TDMHGP7XAD;
				GENERATE_INFOPLIST_FILE = YES;
				MARKETING_VERSION = 1.0;
				PRODUCT_BUNDLE_IDENTIFIER = com.Gleb.lifeisgameUITests;
				PRODUCT_NAME = "$(TARGET_NAME)";
				STRING_CATALOG_GENERATE_SYMBOLS = NO;
				SWIFT_APPROACHABLE_CONCURRENCY = YES;
				SWIFT_EMIT_LOC_STRINGS = NO;
				SWIFT_UPCOMING_FEATURE_MEMBER_IMPORT_VISIBILITY = YES;
				SWIFT_VERSION = 5.0;
				TARGETED_DEVICE_FAMILY = "1,2";
				TEST_TARGET_NAME = lifeisgame;
			};
			name = Release;
		};
		C0D3F0092F71000000000009 /* Debug */ = {
			isa = XCBuildConfiguration;
			buildSettings = {
				APPLICATION_EXTENSION_API_ONLY = YES;
				CODE_SIGN_STYLE = Automatic;
				CURRENT_PROJECT_VERSION = 1;
				DEVELOPMENT_TEAM = TDMHGP7XAD;
				GENERATE_INFOPLIST_FILE = NO;
				INFOPLIST_FILE = FocusLiveActivityExtension/Resources/Info.plist;
				IPHONEOS_DEPLOYMENT_TARGET = 26.2;
				LD_RUNPATH_SEARCH_PATHS = (
					"$(inherited)",
					"@executable_path/Frameworks",
					"@executable_path/../../Frameworks",
				);
				MARKETING_VERSION = 1.0;
				PRODUCT_BUNDLE_IDENTIFIER = com.Gleb.lifeisgame.FocusLiveActivityExtension;
				PRODUCT_NAME = "$(TARGET_NAME)";
				SKIP_INSTALL = YES;
				STRING_CATALOG_GENERATE_SYMBOLS = YES;
				SWIFT_APPROACHABLE_CONCURRENCY = YES;
				SWIFT_DEFAULT_ACTOR_ISOLATION = MainActor;
				SWIFT_EMIT_LOC_STRINGS = YES;
				SWIFT_UPCOMING_FEATURE_MEMBER_IMPORT_VISIBILITY = YES;
				SWIFT_VERSION = 5.0;
				TARGETED_DEVICE_FAMILY = "1,2";
			};
			name = Debug;
		};
		C0D3F00A2F7100000000000A /* Release */ = {
			isa = XCBuildConfiguration;
			buildSettings = {
				APPLICATION_EXTENSION_API_ONLY = YES;
				CODE_SIGN_STYLE = Automatic;
				CURRENT_PROJECT_VERSION = 1;
				DEVELOPMENT_TEAM = TDMHGP7XAD;
				GENERATE_INFOPLIST_FILE = NO;
				INFOPLIST_FILE = FocusLiveActivityExtension/Resources/Info.plist;
				IPHONEOS_DEPLOYMENT_TARGET = 26.2;
				LD_RUNPATH_SEARCH_PATHS = (
					"$(inherited)",
					"@executable_path/Frameworks",
					"@executable_path/../../Frameworks",
				);
				MARKETING_VERSION = 1.0;
				PRODUCT_BUNDLE_IDENTIFIER = com.Gleb.lifeisgame.FocusLiveActivityExtension;
				PRODUCT_NAME = "$(TARGET_NAME)";
				SKIP_INSTALL = YES;
				STRING_CATALOG_GENERATE_SYMBOLS = YES;
				SWIFT_APPROACHABLE_CONCURRENCY = YES;
				SWIFT_DEFAULT_ACTOR_ISOLATION = MainActor;
				SWIFT_EMIT_LOC_STRINGS = YES;
				SWIFT_UPCOMING_FEATURE_MEMBER_IMPORT_VISIBILITY = YES;
				SWIFT_VERSION = 5.0;
				TARGETED_DEVICE_FAMILY = "1,2";
			};
			name = Release;
		};
/* End XCBuildConfiguration section */

/* Begin XCConfigurationList section */
		9F95B45C2F6F5B4B0023BF95 /* Build configuration list for PBXProject "lifeisgame" */ = {
			isa = XCConfigurationList;
			buildConfigurations = (
				9F95B48D2F6F5B4D0023BF95 /* Debug */,
				9F95B48E2F6F5B4D0023BF95 /* Release */,
			);
			defaultConfigurationIsVisible = 0;
			defaultConfigurationName = Release;
		};
		9F95B48A2F6F5B4D0023BF95 /* Build configuration list for PBXNativeTarget "lifeisgame" */ = {
			isa = XCConfigurationList;
			buildConfigurations = (
				9F95B48B2F6F5B4D0023BF95 /* Debug */,
				9F95B48C2F6F5B4D0023BF95 /* Release */,
			);
			defaultConfigurationIsVisible = 0;
			defaultConfigurationName = Release;
		};
		9F95B48F2F6F5B4D0023BF95 /* Build configuration list for PBXNativeTarget "lifeisgameTests" */ = {
			isa = XCConfigurationList;
			buildConfigurations = (
				9F95B4902F6F5B4D0023BF95 /* Debug */,
				9F95B4912F6F5B4D0023BF95 /* Release */,
			);
			defaultConfigurationIsVisible = 0;
			defaultConfigurationName = Release;
		};
		9F95B4922F6F5B4D0023BF95 /* Build configuration list for PBXNativeTarget "lifeisgameUITests" */ = {
			isa = XCConfigurationList;
			buildConfigurations = (
				9F95B4932F6F5B4D0023BF95 /* Debug */,
				9F95B4942F6F5B4D0023BF95 /* Release */,
			);
			defaultConfigurationIsVisible = 0;
			defaultConfigurationName = Release;
		};
		C0D3F0082F71000000000008 /* Build configuration list for PBXNativeTarget "FocusLiveActivityExtension" */ = {
			isa = XCConfigurationList;
			buildConfigurations = (
				C0D3F0092F71000000000009 /* Debug */,
				C0D3F00A2F7100000000000A /* Release */,
			);
			defaultConfigurationIsVisible = 0;
			defaultConfigurationName = Release;
		};
/* End XCConfigurationList section */
	};
	rootObject = 9F95B4592F6F5B4B0023BF95 /* Project object */;
}
